// !$*UTF8*$!
{
	archiveVersion = 1;
	classes = {
	};
	objectVersion = 77;
	objects = {

/* Begin PBXContainerItemProxy section */
		2EEE80D92D3E29C80078B60F /* PBXContainerItemProxy */ = {
			isa = PBXContainerItemProxy;
			containerPortal = 2EEE80C02D3E29C70078B60F /* Project object */;
			proxyType = 1;
			remoteGlobalIDString = 2EEE80C72D3E29C70078B60F;
			remoteInfo = "car-app";
		};
		2EEE80E32D3E29C90078B60F /* PBXContainerItemProxy */ = {
			isa = PBXContainerItemProxy;
			containerPortal = 2EEE80C02D3E29C70078B60F /* Project object */;
			proxyType = 1;
			remoteGlobalIDString = 2EEE80C72D3E29C70078B60F;
			remoteInfo = "car-app";
		};
/* End PBXContainerItemProxy section */

/* Begin PBXFileReference section */
		2EEE80C82D3E29C70078B60F /* car-app.app */ = {isa = PBXFileReference; explicitFileType = wrapper.application; includeInIndex = 0; path = "car-app.app"; sourceTree = BUILT_PRODUCTS_DIR; };
		2EEE80D82D3E29C80078B60F /* car-appTests.xctest */ = {isa = PBXFileReference; explicitFileType = wrapper.cfbundle; includeInIndex = 0; path = "car-appTests.xctest"; sourceTree = BUILT_PRODUCTS_DIR; };
		2EEE80E22D3E29C90078B60F /* car-appUITests.xctest */ = {isa = PBXFileReference; explicitFileType = wrapper.cfbundle; includeInIndex = 0; path = "car-appUITests.xctest"; sourceTree = BUILT_PRODUCTS_DIR; };
/* End PBXFileReference section */

/* Begin PBXFileSystemSynchronizedRootGroup section */
		2EEE80CA2D3E29C70078B60F /* car-app */ = {
			isa = PBXFileSystemSynchronizedRootGroup;
			path = "car-app";
			sourceTree = "<group>";
		};
		2EEE80DB2D3E29C80078B60F /* car-appTests */ = {
			isa = PBXFileSystemSynchronizedRootGroup;
			path = "car-appTests";
			sourceTree = "<group>";
		};
		2EEE80E52D3E29C90078B60F /* car-appUITests */ = {
			isa = PBXFileSystemSynchronizedRootGroup;
			path = "car-appUITests";
			sourceTree = "<group>";
		};
/* End PBXFileSystemSynchronizedRootGroup section */

/* Begin PBXFrameworksBuildPhase section */
		2EEE80C52D3E29C70078B60F /* Frameworks */ = {
			isa = PBXFrameworksBuildPhase;
			buildActionMask = 2147483647;
			files = (
			);
			runOnlyForDeploymentPostprocessing = 0;
		};
		2EEE80D52D3E29C80078B60F /* Frameworks */ = {
			isa = PBXFrameworksBuildPhase;
			buildActionMask = 2147483647;
			files = (
			);
			runOnlyForDeploymentPostprocessing = 0;
		};
		2EEE80DF2D3E29C90078B60F /* Frameworks */ = {
			isa = PBXFrameworksBuildPhase;
			buildActionMask = 2147483647;
			files = (
			);
			runOnlyForDeploymentPostprocessing = 0;
		};
/* End PBXFrameworksBuildPhase section */

/* Begin PBXGroup section */
		2EEE80BF2D3E29C70078B60F = {
			isa = PBXGroup;
			children = (
				2EEE80CA2D3E29C70078B60F /* car-app */,
				2EEE80DB2D3E29C80078B60F /* car-appTests */,
				2EEE80E52D3E29C90078B60F /* car-appUITests */,
				2EEE80C92D3E29C70078B60F /* Products */,
			);
			sourceTree = "<group>";
		};
		2EEE80C92D3E29C70078B60F /* Products */ = {
			isa = PBXGroup;
			children = (
				2EEE80C82D3E29C70078B60F /* car-app.app */,
				2EEE80D82D3E29C80078B60F /* car-appTests.xctest */,
				2EEE80E22D3E29C90078B60F /* car-appUITests.xctest */,
			);
			name = Products;
			sourceTree = "<group>";
		};
/* End PBXGroup section */

/* Begin PBXNativeTarget section */
		2EEE80C72D3E29C70078B60F /* car-app */ = {
			isa = PBXNativeTarget;
			buildConfigurationList = 2EEE80EC2D3E29C90078B60F /* Build configuration list for PBXNativeTarget "car-app" */;
			buildPhases = (
				2EEE80C42D3E29C70078B60F /* Sources */,
				2EEE80C52D3E29C70078B60F /* Frameworks */,
				2EEE80C62D3E29C70078B60F /* Resources */,
			);
			buildRules = (
			);
			dependencies = (
			);
			fileSystemSynchronizedGroups = (
				2EEE80CA2D3E29C70078B60F /* car-app */,
			);
			name = "car-app";
			packageProductDependencies = (
			);
			productName = "car-app";
			productReference = 2EEE80C82D3E29C70078B60F /* car-app.app */;
			productType = "com.apple.product-type.application";
		};
		2EEE80D72D3E29C80078B60F /* car-appTests */ = {
			isa = PBXNativeTarget;
			buildConfigurationList = 2EEE80EF2D3E29C90078B60F /* Build configuration list for PBXNativeTarget "car-appTests" */;
			buildPhases = (
				2EEE80D42D3E29C80078B60F /* Sources */,
				2EEE80D52D3E29C80078B60F /* Frameworks */,
				2EEE80D62D3E29C80078B60F /* Resources */,
			);
			buildRules = (
			);
			dependencies = (
				2EEE80DA2D3E29C80078B60F /* PBXTargetDependency */,
			);
			fileSystemSynchronizedGroups = (
				2EEE80DB2D3E29C80078B60F /* car-appTests */,
			);
			name = "car-appTests";
			packageProductDependencies = (
			);
			productName = "car-appTests";
			productReference = 2EEE80D82D3E29C80078B60F /* car-appTests.xctest */;
			productType = "com.apple.product-type.bundle.unit-test";
		};
		2EEE80E12D3E29C90078B60F /* car-appUITests */ = {
			isa = PBXNativeTarget;
			buildConfigurationList = 2EEE80F22D3E29C90078B60F /* Build configuration list for PBXNativeTarget "car-appUITests" */;
			buildPhases = (
				2EEE80DE2D3E29C90078B60F /* Sources */,
				2EEE80DF2D3E29C90078B60F /* Frameworks */,
				2EEE80E02D3E29C90078B60F /* Resources */,
			);
			buildRules = (
			);
			dependencies = (
				2EEE80E42D3E29C90078B60F /* PBXTargetDependency */,
			);
			fileSystemSynchronizedGroups = (
				2EEE80E52D3E29C90078B60F /* car-appUITests */,
			);
			name = "car-appUITests";
			packageProductDependencies = (
			);
			productName = "car-appUITests";
			productReference = 2EEE80E22D3E29C90078B60F /* car-appUITests.xctest */;
			productType = "com.apple.product-type.bundle.ui-testing";
		};
/* End PBXNativeTarget section */

/* Begin PBXProject section */
		2EEE80C02D3E29C70078B60F /* Project object */ = {
			isa = PBXProject;
			attributes = {
				BuildIndependentTargetsInParallel = 1;
				LastSwiftUpdateCheck = 1620;
				LastUpgradeCheck = 1620;
				TargetAttributes = {
					2EEE80C72D3E29C70078B60F = {
						CreatedOnToolsVersion = 16.2;
					};
					2EEE80D72D3E29C80078B60F = {
						CreatedOnToolsVersion = 16.2;
						TestTargetID = 2EEE80C72D3E29C70078B60F;
					};
					2EEE80E12D3E29C90078B60F = {
						CreatedOnToolsVersion = 16.2;
						TestTargetID = 2EEE80C72D3E29C70078B60F;
					};
				};
			};
			buildConfigurationList = 2EEE80C32D3E29C70078B60F /* Build configuration list for PBXProject "car-app" */;
			developmentRegion = en;
			hasScannedForEncodings = 0;
			knownRegions = (
				en,
				Base,
			);
			mainGroup = 2EEE80BF2D3E29C70078B60F;
			minimizedProjectReferenceProxies = 1;
			preferredProjectObjectVersion = 77;
			productRefGroup = 2EEE80C92D3E29C70078B60F /* Products */;
			projectDirPath = "";
			projectRoot = "";
			targets = (
				2EEE80C72D3E29C70078B60F /* car-app */,
				2EEE80D72D3E29C80078B60F /* car-appTests */,
				2EEE80E12D3E29C90078B60F /* car-appUITests */,
			);
		};
/* End PBXProject section */

/* Begin PBXResourcesBuildPhase section */
		2EEE80C62D3E29C70078B60F /* Resources */ = {
			isa = PBXResourcesBuildPhase;
			buildActionMask = 2147483647;
			files = (
			);
			runOnlyForDeploymentPostprocessing = 0;
		};
		2EEE80D62D3E29C80078B60F /* Resources */ = {
			isa = PBXResourcesBuildPhase;
			buildActionMask = 2147483647;
			files = (
			);
			runOnlyForDeploymentPostprocessing = 0;
		};
		2EEE80E02D3E29C90078B60F /* Resources */ = {
			isa = PBXResourcesBuildPhase;
			buildActionMask = 2147483647;
			files = (
			);
			runOnlyForDeploymentPostprocessing = 0;
		};
/* End PBXResourcesBuildPhase section */

/* Begin PBXSourcesBuildPhase section */
		2EEE80C42D3E29C70078B60F /* Sources */ = {
			isa = PBXSourcesBuildPhase;
			buildActionMask = 2147483647;
			files = (
			);
			runOnlyForDeploymentPostprocessing = 0;
		};
		2EEE80D42D3E29C80078B60F /* Sources */ = {
			isa = PBXSourcesBuildPhase;
			buildActionMask = 2147483647;
			files = (
			);
			runOnlyForDeploymentPostprocessing = 0;
		};
		2EEE80DE2D3E29C90078B60F /* Sources */ = {
			isa = PBXSourcesBuildPhase;
			buildActionMask = 2147483647;
			files = (
			);
			runOnlyForDeploymentPostprocessing = 0;
		};
/* End PBXSourcesBuildPhase section */

/* Begin PBXTargetDependency section */
		2EEE80DA2D3E29C80078B60F /* PBXTargetDependency */ = {
			isa = PBXTargetDependency;
			target = 2EEE80C72D3E29C70078B60F /* car-app */;
			targetProxy = 2EEE80D92D3E29C80078B60F /* PBXContainerItemProxy */;
		};
		2EEE80E42D3E29C90078B60F /* PBXTargetDependency */ = {
			isa = PBXTargetDependency;
			target = 2EEE80C72D3E29C70078B60F /* car-app */;
			targetProxy = 2EEE80E32D3E29C90078B60F /* PBXContainerItemProxy */;
		};
/* End PBXTargetDependency section */

/* Begin XCBuildConfiguration section */
		2EEE80EA2D3E29C90078B60F /* Debug */ = {
			isa = XCBuildConfiguration;
			buildSettings = {
				ALWAYS_SEARCH_USER_PATHS = NO;
				ASSETCATALOG_COMPILER_GENERATE_SWIFT_ASSET_SYMBOL_EXTENSIONS = YES;
				CLANG_ANALYZER_NONNULL = YES;
				CLANG_ANALYZER_NUMBER_OBJECT_CONVERSION = YES_AGGRESSIVE;
				CLANG_CXX_LANGUAGE_STANDARD = "gnu++20";
				CLANG_ENABLE_MODULES = YES;
				CLANG_ENABLE_OBJC_ARC = YES;
				CLANG_ENABLE_OBJC_WEAK = YES;
				CLANG_WARN_BLOCK_CAPTURE_AUTORELEASING = YES;
				CLANG_WARN_BOOL_CONVERSION = YES;
				CLANG_WARN_COMMA = YES;
				CLANG_WARN_CONSTANT_CONVERSION = YES;
				CLANG_WARN_DEPRECATED_OBJC_IMPLEMENTATIONS = YES;
				CLANG_WARN_DIRECT_OBJC_ISA_USAGE = YES_ERROR;
				CLANG_WARN_DOCUMENTATION_COMMENTS = YES;
				CLANG_WARN_EMPTY_BODY = YES;
				CLANG_WARN_ENUM_CONVERSION = YES;
				CLANG_WARN_INFINITE_RECURSION = YES;
				CLANG_WARN_INT_CONVERSION = YES;
				CLANG_WARN_NON_LITERAL_NULL_CONVERSION = YES;
				CLANG_WARN_OBJC_IMPLICIT_RETAIN_SELF = YES;
				CLANG_WARN_OBJC_LITERAL_CONVERSION = YES;
				CLANG_WARN_OBJC_ROOT_CLASS = YES_ERROR;
				CLANG_WARN_QUOTED_INCLUDE_IN_FRAMEWORK_HEADER = YES;
				CLANG_WARN_RANGE_LOOP_ANALYSIS = YES;
				CLANG_WARN_STRICT_PROTOTYPES = YES;
				CLANG_WARN_SUSPICIOUS_MOVE = YES;
				CLANG_WARN_UNGUARDED_AVAILABILITY = YES_AGGRESSIVE;
				CLANG_WARN_UNREACHABLE_CODE = YES;
				CLANG_WARN__DUPLICATE_METHOD_MATCH = YES;
				COPY_PHASE_STRIP = NO;
				DEBUG_INFORMATION_FORMAT = dwarf;
				ENABLE_STRICT_OBJC_MSGSEND = YES;
				ENABLE_TESTABILITY = YES;
				ENABLE_USER_SCRIPT_SANDBOXING = YES;
				GCC_C_LANGUAGE_STANDARD = gnu17;
				GCC_DYNAMIC_NO_PIC = NO;
				GCC_NO_COMMON_BLOCKS = YES;
				GCC_OPTIMIZATION_LEVEL = 0;
				GCC_PREPROCESSOR_DEFINITIONS = (
					"DEBUG=1",
					"$(inherited)",
				);
				GCC_WARN_64_TO_32_BIT_CONVERSION = YES;
				GCC_WARN_ABOUT_RETURN_TYPE = YES_ERROR;
				GCC_WARN_UNDECLARED_SELECTOR = YES;
				GCC_WARN_UNINITIALIZED_AUTOS = YES_AGGRESSIVE;
				GCC_WARN_UNUSED_FUNCTION = YES;
				GCC_WARN_UNUSED_VARIABLE = YES;
				IPHONEOS_DEPLOYMENT_TARGET = 18.2;
				LOCALIZATION_PREFERS_STRING_CATALOGS = YES;
				MTL_ENABLE_DEBUG_INFO = INCLUDE_SOURCE;
				MTL_FAST_MATH = YES;
				ONLY_ACTIVE_ARCH = YES;
				SDKROOT = iphoneos;
				SWIFT_ACTIVE_COMPILATION_CONDITIONS = "DEBUG $(inherited)";
				SWIFT_OPTIMIZATION_LEVEL = "-Onone";
			};
			name = Debug;
		};
		2EEE80EB2D3E29C90078B60F /* Release */ = {
			isa = XCBuildConfiguration;
			buildSettings = {
				ALWAYS_SEARCH_USER_PATHS = NO;
				ASSETCATALOG_COMPILER_GENERATE_SWIFT_ASSET_SYMBOL_EXTENSIONS = YES;
				CLANG_ANALYZER_NONNULL = YES;
				CLANG_ANALYZER_NUMBER_OBJECT_CONVERSION = YES_AGGRESSIVE;
				CLANG_CXX_LANGUAGE_STANDARD = "gnu++20";
				CLANG_ENABLE_MODULES = YES;
				CLANG_ENABLE_OBJC_ARC = YES;
				CLANG_ENABLE_OBJC_WEAK = YES;
				CLANG_WARN_BLOCK_CAPTURE_AUTORELEASING = YES;
				CLANG_WARN_BOOL_CONVERSION = YES;
				CLANG_WARN_COMMA = YES;
				CLANG_WARN_CONSTANT_CONVERSION = YES;
				CLANG_WARN_DEPRECATED_OBJC_IMPLEMENTATIONS = YES;
				CLANG_WARN_DIRECT_OBJC_ISA_USAGE = YES_ERROR;
				CLANG_WARN_DOCUMENTATION_COMMENTS = YES;
				CLANG_WARN_EMPTY_BODY = YES;
				CLANG_WARN_ENUM_CONVERSION = YES;
				CLANG_WARN_INFINITE_RECURSION = YES;
				CLANG_WARN_INT_CONVERSION = YES;
				CLANG_WARN_NON_LITERAL_NULL_CONVERSION = YES;
				CLANG_WARN_OBJC_IMPLICIT_RETAIN_SELF = YES;
				CLANG_WARN_OBJC_LITERAL_CONVERSION = YES;
				CLANG_WARN_OBJC_ROOT_CLASS = YES_ERROR;
				CLANG_WARN_QUOTED_INCLUDE_IN_FRAMEWORK_HEADER = YES;
				CLANG_WARN_RANGE_LOOP_ANALYSIS = YES;
				CLANG_WARN_STRICT_PROTOTYPES = YES;
				CLANG_WARN_SUSPICIOUS_MOVE = YES;
				CLANG_WARN_UNGUARDED_AVAILABILITY = YES_AGGRESSIVE;
				CLANG_WARN_UNREACHABLE_CODE = YES;
				CLANG_WARN__DUPLICATE_METHOD_MATCH = YES;
				COPY_PHASE_STRIP = NO;
				DEBUG_INFORMATION_FORMAT = "dwarf-with-dsym";
				ENABLE_NS_ASSERTIONS = NO;
				ENABLE_STRICT_OBJC_MSGSEND = YES;
				ENABLE_USER_SCRIPT_SANDBOXING = YES;
				GCC_C_LANGUAGE_STANDARD = gnu17;
				GCC_NO_COMMON_BLOCKS = YES;
				GCC_WARN_64_TO_32_BIT_CONVERSION = YES;
				GCC_WARN_ABOUT_RETURN_TYPE = YES_ERROR;
				GCC_WARN_UNDECLARED_SELECTOR = YES;
				GCC_WARN_UNINITIALIZED_AUTOS = YES_AGGRESSIVE;
				GCC_WARN_UNUSED_FUNCTION = YES;
				GCC_WARN_UNUSED_VARIABLE = YES;
				IPHONEOS_DEPLOYMENT_TARGET = 18.2;
				LOCALIZATION_PREFERS_STRING_CATALOGS = YES;
				MTL_ENABLE_DEBUG_INFO = NO;
				MTL_FAST_MATH = YES;
				SDKROOT = iphoneos;
				SWIFT_COMPILATION_MODE = wholemodule;
				VALIDATE_PRODUCT = YES;
			};
			name = Release;
		};
		2EEE80ED2D3E29C90078B60F /* Debug */ = {
			isa = XCBuildConfiguration;
			buildSettings = {
				ASSETCATALOG_COMPILER_APPICON_NAME = AppIcon;
				ASSETCATALOG_COMPILER_GLOBAL_ACCENT_COLOR_NAME = AccentColor;
				CODE_SIGN_STYLE = Automatic;
				CURRENT_PROJECT_VERSION = 1;
				DEVELOPMENT_ASSET_PATHS = "\"car-app/Preview Content\"";
				DEVELOPMENT_TEAM = DSXA7NTANY;
				ENABLE_PREVIEWS = YES;
				GENERATE_INFOPLIST_FILE = YES;
				INFOPLIST_KEY_UIApplicationSceneManifest_Generation = YES;
				INFOPLIST_KEY_UIApplicationSupportsIndirectInputEvents = YES;
				INFOPLIST_KEY_UILaunchScreen_Generation = YES;
				INFOPLIST_KEY_UISupportedInterfaceOrientations_iPad = "UIInterfaceOrientationPortrait UIInterfaceOrientationPortraitUpsideDown UIInterfaceOrientationLandscapeLeft UIInterfaceOrientationLandscapeRight";
				INFOPLIST_KEY_UISupportedInterfaceOrientations_iPhone = "UIInterfaceOrientationPortrait UIInterfaceOrientationLandscapeLeft UIInterfaceOrientationLandscapeRight";
				LD_RUNPATH_SEARCH_PATHS = (
					"$(inherited)",
					"@executable_path/Frameworks",
				);
				MARKETING_VERSION = 1.0;
				PRODUCT_BUNDLE_IDENTIFIER = "csprinkels.car-app";
				PRODUCT_NAME = "$(TARGET_NAME)";
				SWIFT_EMIT_LOC_STRINGS = YES;
				SWIFT_VERSION = 5.0;
				TARGETED_DEVICE_FAMILY = "1,2";
			};
			name = Debug;
		};
		2EEE80EE2D3E29C90078B60F /* Release */ = {
			isa = XCBuildConfiguration;
			buildSettings = {
				ASSETCATALOG_COMPILER_APPICON_NAME = AppIcon;
				ASSETCATALOG_COMPILER_GLOBAL_ACCENT_COLOR_NAME = AccentColor;
				CODE_SIGN_STYLE = Automatic;
				CURRENT_PROJECT_VERSION = 1;
				DEVELOPMENT_ASSET_PATHS = "\"car-app/Preview Content\"";
				DEVELOPMENT_TEAM = DSXA7NTANY;
				ENABLE_PREVIEWS = YES;
				GENERATE_INFOPLIST_FILE = YES;
				INFOPLIST_KEY_UIApplicationSceneManifest_Generation = YES;
				INFOPLIST_KEY_UIApplicationSupportsIndirectInputEvents = YES;
				INFOPLIST_KEY_UILaunchScreen_Generation = YES;
				INFOPLIST_KEY_UISupportedInterfaceOrientations_iPad = "UIInterfaceOrientationPortrait UIInterfaceOrientationPortraitUpsideDown UIInterfaceOrientationLandscapeLeft UIInterfaceOrientationLandscapeRight";
				INFOPLIST_KEY_UISupportedInterfaceOrientations_iPhone = "UIInterfaceOrientationPortrait UIInterfaceOrientationLandscapeLeft UIInterfaceOrientationLandscapeRight";
				LD_RUNPATH_SEARCH_PATHS = (
					"$(inherited)",
					"@executable_path/Frameworks",
				);
				MARKETING_VERSION = 1.0;
				PRODUCT_BUNDLE_IDENTIFIER = "csprinkels.car-app";
				PRODUCT_NAME = "$(TARGET_NAME)";
				SWIFT_EMIT_LOC_STRINGS = YES;
				SWIFT_VERSION = 5.0;
				TARGETED_DEVICE_FAMILY = "1,2";
			};
			name = Release;
		};
		2EEE80F02D3E29C90078B60F /* Debug */ = {
			isa = XCBuildConfiguration;
			buildSettings = {
				BUNDLE_LOADER = "$(TEST_HOST)";
				CODE_SIGN_STYLE = Automatic;
				CURRENT_PROJECT_VERSION = 1;
				DEVELOPMENT_TEAM = DSXA7NTANY;
				GENERATE_INFOPLIST_FILE = YES;
				IPHONEOS_DEPLOYMENT_TARGET = 18.2;
				MARKETING_VERSION = 1.0;
				PRODUCT_BUNDLE_IDENTIFIER = "csprinkels.car-appTests";
				PRODUCT_NAME = "$(TARGET_NAME)";
				SWIFT_EMIT_LOC_STRINGS = NO;
				SWIFT_VERSION = 5.0;
				TARGETED_DEVICE_FAMILY = "1,2";
				TEST_HOST = "$(BUILT_PRODUCTS_DIR)/car-app.app/$(BUNDLE_EXECUTABLE_FOLDER_PATH)/car-app";
			};
			name = Debug;
		};
		2EEE80F12D3E29C90078B60F /* Release */ = {
			isa = XCBuildConfiguration;
			buildSettings = {
				BUNDLE_LOADER = "$(TEST_HOST)";
				CODE_SIGN_STYLE = Automatic;
				CURRENT_PROJECT_VERSION = 1;
				DEVELOPMENT_TEAM = DSXA7NTANY;
				GENERATE_INFOPLIST_FILE = YES;
				IPHONEOS_DEPLOYMENT_TARGET = 18.2;
				MARKETING_VERSION = 1.0;
				PRODUCT_BUNDLE_IDENTIFIER = "csprinkels.car-appTests";
				PRODUCT_NAME = "$(TARGET_NAME)";
				SWIFT_EMIT_LOC_STRINGS = NO;
				SWIFT_VERSION = 5.0;
				TARGETED_DEVICE_FAMILY = "1,2";
				TEST_HOST = "$(BUILT_PRODUCTS_DIR)/car-app.app/$(BUNDLE_EXECUTABLE_FOLDER_PATH)/car-app";
			};
			name = Release;
		};
		2EEE80F32D3E29C90078B60F /* Debug */ = {
			isa = XCBuildConfiguration;
			buildSettings = {
				CODE_SIGN_STYLE = Automatic;
				CURRENT_PROJECT_VERSION = 1;
				DEVELOPMENT_TEAM = DSXA7NTANY;
				GENERATE_INFOPLIST_FILE = YES;
				MARKETING_VERSION = 1.0;
				PRODUCT_BUNDLE_IDENTIFIER = "csprinkels.car-appUITests";
				PRODUCT_NAME = "$(TARGET_NAME)";
				SWIFT_EMIT_LOC_STRINGS = NO;
				SWIFT_VERSION = 5.0;
				TARGETED_DEVICE_FAMILY = "1,2";
				TEST_TARGET_NAME = "car-app";
			};
			name = Debug;
		};
		2EEE80F42D3E29C90078B60F /* Release */ = {
			isa = XCBuildConfiguration;
			buildSettings = {
				CODE_SIGN_STYLE = Automatic;
				CURRENT_PROJECT_VERSION = 1;
				DEVELOPMENT_TEAM = DSXA7NTANY;
				GENERATE_INFOPLIST_FILE = YES;
				MARKETING_VERSION = 1.0;
				PRODUCT_BUNDLE_IDENTIFIER = "csprinkels.car-appUITests";
				PRODUCT_NAME = "$(TARGET_NAME)";
				SWIFT_EMIT_LOC_STRINGS = NO;
				SWIFT_VERSION = 5.0;
				TARGETED_DEVICE_FAMILY = "1,2";
				TEST_TARGET_NAME = "car-app";
			};
			name = Release;
		};
/* End XCBuildConfiguration section */

/* Begin XCConfigurationList section */
		2EEE80C32D3E29C70078B60F /* Build configuration list for PBXProject "car-app" */ = {
			isa = XCConfigurationList;
			buildConfigurations = (
				2EEE80EA2D3E29C90078B60F /* Debug */,
				2EEE80EB2D3E29C90078B60F /* Release */,
			);
			defaultConfigurationIsVisible = 0;
			defaultConfigurationName = Release;
		};
		2EEE80EC2D3E29C90078B60F /* Build configuration list for PBXNativeTarget "car-app" */ = {
			isa = XCConfigurationList;
			buildConfigurations = (
				2EEE80ED2D3E29C90078B60F /* Debug */,
				2EEE80EE2D3E29C90078B60F /* Release */,
			);
			defaultConfigurationIsVisible = 0;
			defaultConfigurationName = Release;
		};
		2EEE80EF2D3E29C90078B60F /* Build configuration list for PBXNativeTarget "car-appTests" */ = {
			isa = XCConfigurationList;
			buildConfigurations = (
				2EEE80F02D3E29C90078B60F /* Debug */,
				2EEE80F12D3E29C90078B60F /* Release */,
			);
			defaultConfigurationIsVisible = 0;
			defaultConfigurationName = Release;
		};
		2EEE80F22D3E29C90078B60F /* Build configuration list for PBXNativeTarget "car-appUITests" */ = {
			isa = XCConfigurationList;
			buildConfigurations = (
				2EEE80F32D3E29C90078B60F /* Debug */,
				2EEE80F42D3E29C90078B60F /* Release */,
			);
			defaultConfigurationIsVisible = 0;
			defaultConfigurationName = Release;
		};
/* End XCConfigurationList section */
	};
	rootObject = 2EEE80C02D3E29C70078B60F /* Project object */;
}
